
Microsoft Visual Studio Solution File, Format Version 12.00
# Visual Studio Version 16
VisualStudioVersion = 16.0.29306.81
MinimumVisualStudioVersion = 15.0.26124.0
Project("{9A19103F-16F7-4668-BE54-9A1E7A4F7556}") = "BirrasApp.API", "BirrasApp.API\BirrasApp.API.csproj", "{6DA5F191-6DED-42CD-A723-F7C4A488BB9A}"
EndProject
Project("{9A19103F-16F7-4668-BE54-9A1E7A4F7556}") = "BirrasApp.Services", "BirrasApp.Services\BirrasApp.Services.csproj", "{D8035297-9AAF-42C2-A123-3FB6C2CF562E}"
EndProject
Project("{9A19103F-16F7-4668-BE54-9A1E7A4F7556}") = "BirrasApp.Services.Interfaces", "BirrasApp.Services.interfaces\BirrasApp.Services.Interfaces.csproj", "{1FBA1659-27A3-44EE-BB50-89906BA8B1BB}"
EndProject
Project("{9A19103F-16F7-4668-BE54-9A1E7A4F7556}") = "BirrasApp.Repositories", "BirrasApp.Repositories\BirrasApp.Repositories.csproj", "{7D56C394-F893-425B-A324-4B79B823514F}"
EndProject
Project("{9A19103F-16F7-4668-BE54-9A1E7A4F7556}") = "BirrasApp.Repositories.Interfaces", "BirrasApp.IRepositories\BirrasApp.Repositories.Interfaces.csproj", "{C0814543-1EEB-409B-B3F6-74C69E678955}"
EndProject
Project("{2150E333-8FDC-42A3-9474-1A3956D46DE8}") = "Repositories", "Repositories", "{E8B50B08-4F45-4EC5-877B-948300DB91CA}"
EndProject
Project("{2150E333-8FDC-42A3-9474-1A3956D46DE8}") = "Services", "Services", "{950CA5B5-F445-49E2-BF1B-F86A7AC697A8}"
EndProject
Project("{9A19103F-16F7-4668-BE54-9A1E7A4F7556}") = "BirrasApp.Repositories.Models", "BirrasApp.Repositories.Models\BirrasApp.Repositories.Models.csproj", "{CAEBEA18-1518-4421-A530-A35294BB69D0}"
EndProject
Project("{9A19103F-16F7-4668-BE54-9A1E7A4F7556}") = "BirrasApp.DTOs", "BirrasApp.DTOs\BirrasApp.DTOs.csproj", "{FA8858BF-08DF-4916-A9A5-EA7D74A3BFB0}"
EndProject
Project("{9A19103F-16F7-4668-BE54-9A1E7A4F7556}") = "BirrasApp.Services.Models", "BirrasApp.Services.Models\BirrasApp.Services.Models.csproj", "{80DEBBA4-74AA-4708-988E-80E5CE49749D}"
EndProject
Project("{2150E333-8FDC-42A3-9474-1A3956D46DE8}") = "Common", "Common", "{D520C1BE-A0C9-4193-A743-6E3214ED986C}"
EndProject
Project("{9A19103F-16F7-4668-BE54-9A1E7A4F7556}") = "BirrasApp.Mappers", "BirrasApp.Mappers\BirrasApp.Mappers.csproj", "{29F7783A-BE6F-4CFC-89E2-1F0B8A7A09A1}"
EndProject
Project("{2150E333-8FDC-42A3-9474-1A3956D46DE8}") = "Tests", "Tests", "{F032BCCA-4EEF-47BB-A6CC-9BADE9F742F8}"
EndProject
Project("{2150E333-8FDC-42A3-9474-1A3956D46DE8}") = "Unit", "Unit", "{D399373A-720E-49D4-9032-A77FB381E8F5}"
EndProject
Project("{9A19103F-16F7-4668-BE54-9A1E7A4F7556}") = "BirrasApp.Test.Unit", "BirrasApp.Test.Unit\BirrasApp.Test.Unit.csproj", "{A59E0CC7-1D8D-448F-A0C2-45EFC8B23A85}"
EndProject
Project("{2150E333-8FDC-42A3-9474-1A3956D46DE8}") = "External", "External", "{EE02D887-0252-4B38-8FE4-18EC36B84789}"
EndProject
Project("{FAE04EC0-301F-11D3-BF4B-00C04F79EFBC}") = "BirrasApp.External.Services", "BirrasApp.Services.External\BirrasApp.External.Services.csproj", "{2CFCA0D2-B6CB-4EA5-814A-240B0C10AAEB}"
EndProject
Project("{FAE04EC0-301F-11D3-BF4B-00C04F79EFBC}") = "BirrasApp.External.Services.Interfaces", "BirrasApp.External.Services.Interfaces\BirrasApp.External.Services.Interfaces.csproj", "{2C16D444-74A0-4CA7-A6C4-F42D9F024E60}"
EndProject
Project("{FAE04EC0-301F-11D3-BF4B-00C04F79EFBC}") = "BirrasApp.External.Services.Models", "BirrasApp.External.Services.Models\BirrasApp.External.Services.Models.csproj", "{E94F4B57-2C62-4F6B-BF1B-DC31A4330F89}"
EndProject
Global
	GlobalSection(SolutionConfigurationPlatforms) = preSolution
		Debug|Any CPU = Debug|Any CPU
		Debug|x64 = Debug|x64
		Debug|x86 = Debug|x86
		Release|Any CPU = Release|Any CPU
		Release|x64 = Release|x64
		Release|x86 = Release|x86
	EndGlobalSection
	GlobalSection(ProjectConfigurationPlatforms) = postSolution
		{6DA5F191-6DED-42CD-A723-F7C4A488BB9A}.Debug|Any CPU.ActiveCfg = Debug|Any CPU
		{6DA5F191-6DED-42CD-A723-F7C4A488BB9A}.Debug|Any CPU.Build.0 = Debug|Any CPU
		{6DA5F191-6DED-42CD-A723-F7C4A488BB9A}.Debug|x64.ActiveCfg = Debug|Any CPU
		{6DA5F191-6DED-42CD-A723-F7C4A488BB9A}.Debug|x64.Build.0 = Debug|Any CPU
		{6DA5F191-6DED-42CD-A723-F7C4A488BB9A}.Debug|x86.ActiveCfg = Debug|Any CPU
		{6DA5F191-6DED-42CD-A723-F7C4A488BB9A}.Debug|x86.Build.0 = Debug|Any CPU
		{6DA5F191-6DED-42CD-A723-F7C4A488BB9A}.Release|Any CPU.ActiveCfg = Release|Any CPU
		{6DA5F191-6DED-42CD-A723-F7C4A488BB9A}.Release|Any CPU.Build.0 = Release|Any CPU
		{6DA5F191-6DED-42CD-A723-F7C4A488BB9A}.Release|x64.ActiveCfg = Release|Any CPU
		{6DA5F191-6DED-42CD-A723-F7C4A488BB9A}.Release|x64.Build.0 = Release|Any CPU
		{6DA5F191-6DED-42CD-A723-F7C4A488BB9A}.Release|x86.ActiveCfg = Release|Any CPU
		{6DA5F191-6DED-42CD-A723-F7C4A488BB9A}.Release|x86.Build.0 = Release|Any CPU
		{D8035297-9AAF-42C2-A123-3FB6C2CF562E}.Debug|Any CPU.ActiveCfg = Debug|Any CPU
		{D8035297-9AAF-42C2-A123-3FB6C2CF562E}.Debug|Any CPU.Build.0 = Debug|Any CPU
		{D8035297-9AAF-42C2-A123-3FB6C2CF562E}.Debug|x64.ActiveCfg = Debug|Any CPU
		{D8035297-9AAF-42C2-A123-3FB6C2CF562E}.Debug|x64.Build.0 = Debug|Any CPU
		{D8035297-9AAF-42C2-A123-3FB6C2CF562E}.Debug|x86.ActiveCfg = Debug|Any CPU
		{D8035297-9AAF-42C2-A123-3FB6C2CF562E}.Debug|x86.Build.0 = Debug|Any CPU
		{D8035297-9AAF-42C2-A123-3FB6C2CF562E}.Release|Any CPU.ActiveCfg = Release|Any CPU
		{D8035297-9AAF-42C2-A123-3FB6C2CF562E}.Release|Any CPU.Build.0 = Release|Any CPU
		{D8035297-9AAF-42C2-A123-3FB6C2CF562E}.Release|x64.ActiveCfg = Release|Any CPU
		{D8035297-9AAF-42C2-A123-3FB6C2CF562E}.Release|x64.Build.0 = Release|Any CPU
		{D8035297-9AAF-42C2-A123-3FB6C2CF562E}.Release|x86.ActiveCfg = Release|Any CPU
		{D8035297-9AAF-42C2-A123-3FB6C2CF562E}.Release|x86.Build.0 = Release|Any CPU
		{1FBA1659-27A3-44EE-BB50-89906BA8B1BB}.Debug|Any CPU.ActiveCfg = Debug|Any CPU
		{1FBA1659-27A3-44EE-BB50-89906BA8B1BB}.Debug|Any CPU.Build.0 = Debug|Any CPU
		{1FBA1659-27A3-44EE-BB50-89906BA8B1BB}.Debug|x64.ActiveCfg = Debug|Any CPU
		{1FBA1659-27A3-44EE-BB50-89906BA8B1BB}.Debug|x64.Build.0 = Debug|Any CPU
		{1FBA1659-27A3-44EE-BB50-89906BA8B1BB}.Debug|x86.ActiveCfg = Debug|Any CPU
		{1FBA1659-27A3-44EE-BB50-89906BA8B1BB}.Debug|x86.Build.0 = Debug|Any CPU
		{1FBA1659-27A3-44EE-BB50-89906BA8B1BB}.Release|Any CPU.ActiveCfg = Release|Any CPU
		{1FBA1659-27A3-44EE-BB50-89906BA8B1BB}.Release|Any CPU.Build.0 = Release|Any CPU
		{1FBA1659-27A3-44EE-BB50-89906BA8B1BB}.Release|x64.ActiveCfg = Release|Any CPU
		{1FBA1659-27A3-44EE-BB50-89906BA8B1BB}.Release|x64.Build.0 = Release|Any CPU
		{1FBA1659-27A3-44EE-BB50-89906BA8B1BB}.Release|x86.ActiveCfg = Release|Any CPU
		{1FBA1659-27A3-44EE-BB50-89906BA8B1BB}.Release|x86.Build.0 = Release|Any CPU
		{7D56C394-F893-425B-A324-4B79B823514F}.Debug|Any CPU.ActiveCfg = Debug|Any CPU
		{7D56C394-F893-425B-A324-4B79B823514F}.Debug|Any CPU.Build.0 = Debug|Any CPU
		{7D56C394-F893-425B-A324-4B79B823514F}.Debug|x64.ActiveCfg = Debug|Any CPU
		{7D56C394-F893-425B-A324-4B79B823514F}.Debug|x64.Build.0 = Debug|Any CPU
		{7D56C394-F893-425B-A324-4B79B823514F}.Debug|x86.ActiveCfg = Debug|Any CPU
		{7D56C394-F893-425B-A324-4B79B823514F}.Debug|x86.Build.0 = Debug|Any CPU
		{7D56C394-F893-425B-A324-4B79B823514F}.Release|Any CPU.ActiveCfg = Release|Any CPU
		{7D56C394-F893-425B-A324-4B79B823514F}.Release|Any CPU.Build.0 = Release|Any CPU
		{7D56C394-F893-425B-A324-4B79B823514F}.Release|x64.ActiveCfg = Release|Any CPU
		{7D56C394-F893-425B-A324-4B79B823514F}.Release|x64.Build.0 = Release|Any CPU
		{7D56C394-F893-425B-A324-4B79B823514F}.Release|x86.ActiveCfg = Release|Any CPU
		{7D56C394-F893-425B-A324-4B79B823514F}.Release|x86.Build.0 = Release|Any CPU
		{C0814543-1EEB-409B-B3F6-74C69E678955}.Debug|Any CPU.ActiveCfg = Debug|Any CPU
		{C0814543-1EEB-409B-B3F6-74C69E678955}.Debug|Any CPU.Build.0 = Debug|Any CPU
		{C0814543-1EEB-409B-B3F6-74C69E678955}.Debug|x64.ActiveCfg = Debug|Any CPU
		{C0814543-1EEB-409B-B3F6-74C69E678955}.Debug|x64.Build.0 = Debug|Any CPU
		{C0814543-1EEB-409B-B3F6-74C69E678955}.Debug|x86.ActiveCfg = Debug|Any CPU
		{C0814543-1EEB-409B-B3F6-74C69E678955}.Debug|x86.Build.0 = Debug|Any CPU
		{C0814543-1EEB-409B-B3F6-74C69E678955}.Release|Any CPU.ActiveCfg = Release|Any CPU
		{C0814543-1EEB-409B-B3F6-74C69E678955}.Release|Any CPU.Build.0 = Release|Any CPU
		{C0814543-1EEB-409B-B3F6-74C69E678955}.Release|x64.ActiveCfg = Release|Any CPU
		{C0814543-1EEB-409B-B3F6-74C69E678955}.Release|x64.Build.0 = Release|Any CPU
		{C0814543-1EEB-409B-B3F6-74C69E678955}.Release|x86.ActiveCfg = Release|Any CPU
		{C0814543-1EEB-409B-B3F6-74C69E678955}.Release|x86.Build.0 = Release|Any CPU
		{CAEBEA18-1518-4421-A530-A35294BB69D0}.Debug|Any CPU.ActiveCfg = Debug|Any CPU
		{CAEBEA18-1518-4421-A530-A35294BB69D0}.Debug|Any CPU.Build.0 = Debug|Any CPU
		{CAEBEA18-1518-4421-A530-A35294BB69D0}.Debug|x64.ActiveCfg = Debug|Any CPU
		{CAEBEA18-1518-4421-A530-A35294BB69D0}.Debug|x64.Build.0 = Debug|Any CPU
		{CAEBEA18-1518-4421-A530-A35294BB69D0}.Debug|x86.ActiveCfg = Debug|Any CPU
		{CAEBEA18-1518-4421-A530-A35294BB69D0}.Debug|x86.Build.0 = Debug|Any CPU
		{CAEBEA18-1518-4421-A530-A35294BB69D0}.Release|Any CPU.ActiveCfg = Release|Any CPU
		{CAEBEA18-1518-4421-A530-A35294BB69D0}.Release|Any CPU.Build.0 = Release|Any CPU
		{CAEBEA18-1518-4421-A530-A35294BB69D0}.Release|x64.ActiveCfg = Release|Any CPU
		{CAEBEA18-1518-4421-A530-A35294BB69D0}.Release|x64.Build.0 = Release|Any CPU
		{CAEBEA18-1518-4421-A530-A35294BB69D0}.Release|x86.ActiveCfg = Release|Any CPU
		{CAEBEA18-1518-4421-A530-A35294BB69D0}.Release|x86.Build.0 = Release|Any CPU
		{FA8858BF-08DF-4916-A9A5-EA7D74A3BFB0}.Debug|Any CPU.ActiveCfg = Debug|Any CPU
		{FA8858BF-08DF-4916-A9A5-EA7D74A3BFB0}.Debug|Any CPU.Build.0 = Debug|Any CPU
		{FA8858BF-08DF-4916-A9A5-EA7D74A3BFB0}.Debug|x64.ActiveCfg = Debug|Any CPU
		{FA8858BF-08DF-4916-A9A5-EA7D74A3BFB0}.Debug|x64.Build.0 = Debug|Any CPU
		{FA8858BF-08DF-4916-A9A5-EA7D74A3BFB0}.Debug|x86.ActiveCfg = Debug|Any CPU
		{FA8858BF-08DF-4916-A9A5-EA7D74A3BFB0}.Debug|x86.Build.0 = Debug|Any CPU
		{FA8858BF-08DF-4916-A9A5-EA7D74A3BFB0}.Release|Any CPU.ActiveCfg = Release|Any CPU
		{FA8858BF-08DF-4916-A9A5-EA7D74A3BFB0}.Release|Any CPU.Build.0 = Release|Any CPU
		{FA8858BF-08DF-4916-A9A5-EA7D74A3BFB0}.Release|x64.ActiveCfg = Release|Any CPU
		{FA8858BF-08DF-4916-A9A5-EA7D74A3BFB0}.Release|x64.Build.0 = Release|Any CPU
		{FA8858BF-08DF-4916-A9A5-EA7D74A3BFB0}.Release|x86.ActiveCfg = Release|Any CPU
		{FA8858BF-08DF-4916-A9A5-EA7D74A3BFB0}.Release|x86.Build.0 = Release|Any CPU
		{80DEBBA4-74AA-4708-988E-80E5CE49749D}.Debug|Any CPU.ActiveCfg = Debug|Any CPU
		{80DEBBA4-74AA-4708-988E-80E5CE49749D}.Debug|Any CPU.Build.0 = Debug|Any CPU
		{80DEBBA4-74AA-4708-988E-80E5CE49749D}.Debug|x64.ActiveCfg = Debug|Any CPU
		{80DEBBA4-74AA-4708-988E-80E5CE49749D}.Debug|x64.Build.0 = Debug|Any CPU
		{80DEBBA4-74AA-4708-988E-80E5CE49749D}.Debug|x86.ActiveCfg = Debug|Any CPU
		{80DEBBA4-74AA-4708-988E-80E5CE49749D}.Debug|x86.Build.0 = Debug|Any CPU
		{80DEBBA4-74AA-4708-988E-80E5CE49749D}.Release|Any CPU.ActiveCfg = Release|Any CPU
		{80DEBBA4-74AA-4708-988E-80E5CE49749D}.Release|Any CPU.Build.0 = Release|Any CPU
		{80DEBBA4-74AA-4708-988E-80E5CE49749D}.Release|x64.ActiveCfg = Release|Any CPU
		{80DEBBA4-74AA-4708-988E-80E5CE49749D}.Release|x64.Build.0 = Release|Any CPU
		{80DEBBA4-74AA-4708-988E-80E5CE49749D}.Release|x86.ActiveCfg = Release|Any CPU
		{80DEBBA4-74AA-4708-988E-80E5CE49749D}.Release|x86.Build.0 = Release|Any CPU
		{29F7783A-BE6F-4CFC-89E2-1F0B8A7A09A1}.Debug|Any CPU.ActiveCfg = Debug|Any CPU
		{29F7783A-BE6F-4CFC-89E2-1F0B8A7A09A1}.Debug|Any CPU.Build.0 = Debug|Any CPU
		{29F7783A-BE6F-4CFC-89E2-1F0B8A7A09A1}.Debug|x64.ActiveCfg = Debug|Any CPU
		{29F7783A-BE6F-4CFC-89E2-1F0B8A7A09A1}.Debug|x64.Build.0 = Debug|Any CPU
		{29F7783A-BE6F-4CFC-89E2-1F0B8A7A09A1}.Debug|x86.ActiveCfg = Debug|Any CPU
		{29F7783A-BE6F-4CFC-89E2-1F0B8A7A09A1}.Debug|x86.Build.0 = Debug|Any CPU
		{29F7783A-BE6F-4CFC-89E2-1F0B8A7A09A1}.Release|Any CPU.ActiveCfg = Release|Any CPU
		{29F7783A-BE6F-4CFC-89E2-1F0B8A7A09A1}.Release|Any CPU.Build.0 = Release|Any CPU
		{29F7783A-BE6F-4CFC-89E2-1F0B8A7A09A1}.Release|x64.ActiveCfg = Release|Any CPU
		{29F7783A-BE6F-4CFC-89E2-1F0B8A7A09A1}.Release|x64.Build.0 = Release|Any CPU
		{29F7783A-BE6F-4CFC-89E2-1F0B8A7A09A1}.Release|x86.ActiveCfg = Release|Any CPU
		{29F7783A-BE6F-4CFC-89E2-1F0B8A7A09A1}.Release|x86.Build.0 = Release|Any CPU
		{A59E0CC7-1D8D-448F-A0C2-45EFC8B23A85}.Debug|Any CPU.ActiveCfg = Debug|Any CPU
		{A59E0CC7-1D8D-448F-A0C2-45EFC8B23A85}.Debug|Any CPU.Build.0 = Debug|Any CPU
		{A59E0CC7-1D8D-448F-A0C2-45EFC8B23A85}.Debug|x64.ActiveCfg = Debug|Any CPU
		{A59E0CC7-1D8D-448F-A0C2-45EFC8B23A85}.Debug|x64.Build.0 = Debug|Any CPU
		{A59E0CC7-1D8D-448F-A0C2-45EFC8B23A85}.Debug|x86.ActiveCfg = Debug|Any CPU
		{A59E0CC7-1D8D-448F-A0C2-45EFC8B23A85}.Debug|x86.Build.0 = Debug|Any CPU
		{A59E0CC7-1D8D-448F-A0C2-45EFC8B23A85}.Release|Any CPU.ActiveCfg = Release|Any CPU
		{A59E0CC7-1D8D-448F-A0C2-45EFC8B23A85}.Release|Any CPU.Build.0 = Release|Any CPU
		{A59E0CC7-1D8D-448F-A0C2-45EFC8B23A85}.Release|x64.ActiveCfg = Release|Any CPU
		{A59E0CC7-1D8D-448F-A0C2-45EFC8B23A85}.Release|x64.Build.0 = Release|Any CPU
		{A59E0CC7-1D8D-448F-A0C2-45EFC8B23A85}.Release|x86.ActiveCfg = Release|Any CPU
		{A59E0CC7-1D8D-448F-A0C2-45EFC8B23A85}.Release|x86.Build.0 = Release|Any CPU
		{2CFCA0D2-B6CB-4EA5-814A-240B0C10AAEB}.Debug|Any CPU.ActiveCfg = Debug|Any CPU
		{2CFCA0D2-B6CB-4EA5-814A-240B0C10AAEB}.Debug|Any CPU.Build.0 = Debug|Any CPU
		{2CFCA0D2-B6CB-4EA5-814A-240B0C10AAEB}.Debug|x64.ActiveCfg = Debug|Any CPU
		{2CFCA0D2-B6CB-4EA5-814A-240B0C10AAEB}.Debug|x64.Build.0 = Debug|Any CPU
		{2CFCA0D2-B6CB-4EA5-814A-240B0C10AAEB}.Debug|x86.ActiveCfg = Debug|Any CPU
		{2CFCA0D2-B6CB-4EA5-814A-240B0C10AAEB}.Debug|x86.Build.0 = Debug|Any CPU
		{2CFCA0D2-B6CB-4EA5-814A-240B0C10AAEB}.Release|Any CPU.ActiveCfg = Release|Any CPU
		{2CFCA0D2-B6CB-4EA5-814A-240B0C10AAEB}.Release|Any CPU.Build.0 = Release|Any CPU
		{2CFCA0D2-B6CB-4EA5-814A-240B0C10AAEB}.Release|x64.ActiveCfg = Release|Any CPU
		{2CFCA0D2-B6CB-4EA5-814A-240B0C10AAEB}.Release|x64.Build.0 = Release|Any CPU
		{2CFCA0D2-B6CB-4EA5-814A-240B0C10AAEB}.Release|x86.ActiveCfg = Release|Any CPU
		{2CFCA0D2-B6CB-4EA5-814A-240B0C10AAEB}.Release|x86.Build.0 = Release|Any CPU
		{2C16D444-74A0-4CA7-A6C4-F42D9F024E60}.Debug|Any CPU.ActiveCfg = Debug|Any CPU
		{2C16D444-74A0-4CA7-A6C4-F42D9F024E60}.Debug|Any CPU.Build.0 = Debug|Any CPU
		{2C16D444-74A0-4CA7-A6C4-F42D9F024E60}.Debug|x64.ActiveCfg = Debug|Any CPU
		{2C16D444-74A0-4CA7-A6C4-F42D9F024E60}.Debug|x64.Build.0 = Debug|Any CPU
		{2C16D444-74A0-4CA7-A6C4-F42D9F024E60}.Debug|x86.ActiveCfg = Debug|Any CPU
		{2C16D444-74A0-4CA7-A6C4-F42D9F024E60}.Debug|x86.Build.0 = Debug|Any CPU
		{2C16D444-74A0-4CA7-A6C4-F42D9F024E60}.Release|Any CPU.ActiveCfg = Release|Any CPU
		{2C16D444-74A0-4CA7-A6C4-F42D9F024E60}.Release|Any CPU.Build.0 = Release|Any CPU
		{2C16D444-74A0-4CA7-A6C4-F42D9F024E60}.Release|x64.ActiveCfg = Release|Any CPU
		{2C16D444-74A0-4CA7-A6C4-F42D9F024E60}.Release|x64.Build.0 = Release|Any CPU
		{2C16D444-74A0-4CA7-A6C4-F42D9F024E60}.Release|x86.ActiveCfg = Release|Any CPU
		{2C16D444-74A0-4CA7-A6C4-F42D9F024E60}.Release|x86.Build.0 = Release|Any CPU
		{E94F4B57-2C62-4F6B-BF1B-DC31A4330F89}.Debug|Any CPU.ActiveCfg = Debug|Any CPU
		{E94F4B57-2C62-4F6B-BF1B-DC31A4330F89}.Debug|Any CPU.Build.0 = Debug|Any CPU
		{E94F4B57-2C62-4F6B-BF1B-DC31A4330F89}.Debug|x64.ActiveCfg = Debug|Any CPU
		{E94F4B57-2C62-4F6B-BF1B-DC31A4330F89}.Debug|x64.Build.0 = Debug|Any CPU
		{E94F4B57-2C62-4F6B-BF1B-DC31A4330F89}.Debug|x86.ActiveCfg = Debug|Any CPU
		{E94F4B57-2C62-4F6B-BF1B-DC31A4330F89}.Debug|x86.Build.0 = Debug|Any CPU
		{E94F4B57-2C62-4F6B-BF1B-DC31A4330F89}.Release|Any CPU.ActiveCfg = Release|Any CPU
		{E94F4B57-2C62-4F6B-BF1B-DC31A4330F89}.Release|Any CPU.Build.0 = Release|Any CPU
		{E94F4B57-2C62-4F6B-BF1B-DC31A4330F89}.Release|x64.ActiveCfg = Release|Any CPU
		{E94F4B57-2C62-4F6B-BF1B-DC31A4330F89}.Release|x64.Build.0 = Release|Any CPU
		{E94F4B57-2C62-4F6B-BF1B-DC31A4330F89}.Release|x86.ActiveCfg = Release|Any CPU
		{E94F4B57-2C62-4F6B-BF1B-DC31A4330F89}.Release|x86.Build.0 = Release|Any CPU
	EndGlobalSection
	GlobalSection(SolutionProperties) = preSolution
		HideSolutionNode = FALSE
	EndGlobalSection
	GlobalSection(NestedProjects) = preSolution
		{D8035297-9AAF-42C2-A123-3FB6C2CF562E} = {950CA5B5-F445-49E2-BF1B-F86A7AC697A8}
		{1FBA1659-27A3-44EE-BB50-89906BA8B1BB} = {950CA5B5-F445-49E2-BF1B-F86A7AC697A8}
		{7D56C394-F893-425B-A324-4B79B823514F} = {E8B50B08-4F45-4EC5-877B-948300DB91CA}
		{C0814543-1EEB-409B-B3F6-74C69E678955} = {E8B50B08-4F45-4EC5-877B-948300DB91CA}
		{CAEBEA18-1518-4421-A530-A35294BB69D0} = {E8B50B08-4F45-4EC5-877B-948300DB91CA}
		{80DEBBA4-74AA-4708-988E-80E5CE49749D} = {950CA5B5-F445-49E2-BF1B-F86A7AC697A8}
		{29F7783A-BE6F-4CFC-89E2-1F0B8A7A09A1} = {D520C1BE-A0C9-4193-A743-6E3214ED986C}
		{D399373A-720E-49D4-9032-A77FB381E8F5} = {F032BCCA-4EEF-47BB-A6CC-9BADE9F742F8}
		{A59E0CC7-1D8D-448F-A0C2-45EFC8B23A85} = {D399373A-720E-49D4-9032-A77FB381E8F5}
		{EE02D887-0252-4B38-8FE4-18EC36B84789} = {950CA5B5-F445-49E2-BF1B-F86A7AC697A8}
		{2CFCA0D2-B6CB-4EA5-814A-240B0C10AAEB} = {EE02D887-0252-4B38-8FE4-18EC36B84789}
		{2C16D444-74A0-4CA7-A6C4-F42D9F024E60} = {EE02D887-0252-4B38-8FE4-18EC36B84789}
		{E94F4B57-2C62-4F6B-BF1B-DC31A4330F89} = {EE02D887-0252-4B38-8FE4-18EC36B84789}
	EndGlobalSection
	GlobalSection(ExtensibilityGlobals) = postSolution
		SolutionGuid = {6E20D123-72D4-4204-A6BD-978724311B5C}
	EndGlobalSection
EndGlobal
